{
  "originHash" : "7d792a6db7d0d609097b18cf71f403f22d3294add6bbb54e6053ea2fb9ff3e95",
  "pins" : [
    {
      "identity" : "commander",
      "kind" : "remoteSourceControl",
      "location" : "https://github.com/steipete/Commander.git",
      "state" : {
        "revision" : "9e349575c8e3c6745e81fe19e5bb5efa01b078ce",
        "version" : "0.2.1"
      }
    }
  ],
  "version" : 3
}
